
Microsoft Visual Studio Solution File, Format Version 12.00
# Visual Studio Version 17
VisualStudioVersion = 17.8.34330.188
MinimumVisualStudioVersion = 10.0.40219.1
Project("{F2A71F9B-5D33-465A-A702-920D77279786}") = "Imp", "src\Imp\Imp.fsproj", "{55126640-2F00-44C2-A26C-C4C3B23219F0}"
EndProject
Project("{F2A71F9B-5D33-465A-A702-920D77279786}") = "Imp.Tools", "src\Imp.Tools\Imp.Tools.fsproj", "{B0191332-8872-45F0-B06F-E19C3E57E644}"
EndProject
Project("{2150E333-8FDC-42A3-9474-1A3956D46DE8}") = "Demo", "Demo", "{4008828D-88A4-451D-ABB3-7ABE60BCF5A5}"
EndProject
Project("{F2A71F9B-5D33-465A-A702-920D77279786}") = "Client.Common", "src\Client.Common\Client.Common.fsproj", "{465362E8-18FA-4816-85F2-9A56377C8AC4}"
EndProject
Project("{F2A71F9B-5D33-465A-A702-920D77279786}") = "Client.Desktop", "src\Client.Desktop\Client.Desktop.fsproj", "{5B92F23A-2E54-4262-8433-4ADC6EFF380E}"
EndProject
Project("{F2A71F9B-5D33-465A-A702-920D77279786}") = "Client.Tools", "src\Client.Tools\Client.Tools.fsproj", "{7EF576A3-6E22-4E0B-8C0B-B8B1ED33DC86}"
EndProject
Project("{F2A71F9B-5D33-465A-A702-920D77279786}") = "Client.Web", "src\Client.Web\Client.Web.fsproj", "{87AE1661-9D5A-4C79-884B-F2B2FE6FB3F3}"
EndProject
Project("{2150E333-8FDC-42A3-9474-1A3956D46DE8}") = "Solution Items", "Solution Items", "{4DBD2B7E-6382-4B30-AD93-229E746F6661}"
	ProjectSection(SolutionItems) = preProject
		README.md = README.md
	EndProjectSection
EndProject
Global
	GlobalSection(SolutionConfigurationPlatforms) = preSolution
		Debug|Any CPU = Debug|Any CPU
		Fable|Any CPU = Fable|Any CPU
		Release|Any CPU = Release|Any CPU
	EndGlobalSection
	GlobalSection(ProjectConfigurationPlatforms) = postSolution
		{55126640-2F00-44C2-A26C-C4C3B23219F0}.Debug|Any CPU.ActiveCfg = Debug|Any CPU
		{55126640-2F00-44C2-A26C-C4C3B23219F0}.Debug|Any CPU.Build.0 = Debug|Any CPU
		{55126640-2F00-44C2-A26C-C4C3B23219F0}.Fable|Any CPU.ActiveCfg = Fable|Any CPU
		{55126640-2F00-44C2-A26C-C4C3B23219F0}.Fable|Any CPU.Build.0 = Fable|Any CPU
		{55126640-2F00-44C2-A26C-C4C3B23219F0}.Release|Any CPU.ActiveCfg = Release|Any CPU
		{55126640-2F00-44C2-A26C-C4C3B23219F0}.Release|Any CPU.Build.0 = Release|Any CPU
		{B0191332-8872-45F0-B06F-E19C3E57E644}.Debug|Any CPU.ActiveCfg = Debug|Any CPU
		{B0191332-8872-45F0-B06F-E19C3E57E644}.Debug|Any CPU.Build.0 = Debug|Any CPU
		{B0191332-8872-45F0-B06F-E19C3E57E644}.Fable|Any CPU.ActiveCfg = Debug|Any CPU
		{B0191332-8872-45F0-B06F-E19C3E57E644}.Fable|Any CPU.Build.0 = Debug|Any CPU
		{B0191332-8872-45F0-B06F-E19C3E57E644}.Release|Any CPU.ActiveCfg = Release|Any CPU
		{B0191332-8872-45F0-B06F-E19C3E57E644}.Release|Any CPU.Build.0 = Release|Any CPU
		{465362E8-18FA-4816-85F2-9A56377C8AC4}.Debug|Any CPU.ActiveCfg = Debug|Any CPU
		{465362E8-18FA-4816-85F2-9A56377C8AC4}.Debug|Any CPU.Build.0 = Debug|Any CPU
		{465362E8-18FA-4816-85F2-9A56377C8AC4}.Fable|Any CPU.ActiveCfg = Fable|Any CPU
		{465362E8-18FA-4816-85F2-9A56377C8AC4}.Fable|Any CPU.Build.0 = Fable|Any CPU
		{465362E8-18FA-4816-85F2-9A56377C8AC4}.Release|Any CPU.ActiveCfg = Release|Any CPU
		{465362E8-18FA-4816-85F2-9A56377C8AC4}.Release|Any CPU.Build.0 = Release|Any CPU
		{5B92F23A-2E54-4262-8433-4ADC6EFF380E}.Debug|Any CPU.ActiveCfg = Debug|Any CPU
		{5B92F23A-2E54-4262-8433-4ADC6EFF380E}.Debug|Any CPU.Build.0 = Debug|Any CPU
		{5B92F23A-2E54-4262-8433-4ADC6EFF380E}.Fable|Any CPU.ActiveCfg = Debug|Any CPU
		{5B92F23A-2E54-4262-8433-4ADC6EFF380E}.Fable|Any CPU.Build.0 = Debug|Any CPU
		{5B92F23A-2E54-4262-8433-4ADC6EFF380E}.Release|Any CPU.ActiveCfg = Release|Any CPU
		{5B92F23A-2E54-4262-8433-4ADC6EFF380E}.Release|Any CPU.Build.0 = Release|Any CPU
		{7EF576A3-6E22-4E0B-8C0B-B8B1ED33DC86}.Debug|Any CPU.ActiveCfg = Debug|Any CPU
		{7EF576A3-6E22-4E0B-8C0B-B8B1ED33DC86}.Debug|Any CPU.Build.0 = Debug|Any CPU
		{7EF576A3-6E22-4E0B-8C0B-B8B1ED33DC86}.Fable|Any CPU.ActiveCfg = Debug|Any CPU
		{7EF576A3-6E22-4E0B-8C0B-B8B1ED33DC86}.Fable|Any CPU.Build.0 = Debug|Any CPU
		{7EF576A3-6E22-4E0B-8C0B-B8B1ED33DC86}.Release|Any CPU.ActiveCfg = Release|Any CPU
		{7EF576A3-6E22-4E0B-8C0B-B8B1ED33DC86}.Release|Any CPU.Build.0 = Release|Any CPU
		{87AE1661-9D5A-4C79-884B-F2B2FE6FB3F3}.Debug|Any CPU.ActiveCfg = Debug|Any CPU
		{87AE1661-9D5A-4C79-884B-F2B2FE6FB3F3}.Debug|Any CPU.Build.0 = Debug|Any CPU
		{87AE1661-9D5A-4C79-884B-F2B2FE6FB3F3}.Fable|Any CPU.ActiveCfg = Fable|Any CPU
		{87AE1661-9D5A-4C79-884B-F2B2FE6FB3F3}.Fable|Any CPU.Build.0 = Fable|Any CPU
		{87AE1661-9D5A-4C79-884B-F2B2FE6FB3F3}.Release|Any CPU.ActiveCfg = Release|Any CPU
		{87AE1661-9D5A-4C79-884B-F2B2FE6FB3F3}.Release|Any CPU.Build.0 = Release|Any CPU
	EndGlobalSection
	GlobalSection(SolutionProperties) = preSolution
		HideSolutionNode = FALSE
	EndGlobalSection
	GlobalSection(NestedProjects) = preSolution
		{465362E8-18FA-4816-85F2-9A56377C8AC4} = {4008828D-88A4-451D-ABB3-7ABE60BCF5A5}
		{5B92F23A-2E54-4262-8433-4ADC6EFF380E} = {4008828D-88A4-451D-ABB3-7ABE60BCF5A5}
		{7EF576A3-6E22-4E0B-8C0B-B8B1ED33DC86} = {4008828D-88A4-451D-ABB3-7ABE60BCF5A5}
		{87AE1661-9D5A-4C79-884B-F2B2FE6FB3F3} = {4008828D-88A4-451D-ABB3-7ABE60BCF5A5}
	EndGlobalSection
	GlobalSection(ExtensibilityGlobals) = postSolution
		SolutionGuid = {4986458E-575F-415C-B4A3-1D1B42513A15}
	EndGlobalSection
EndGlobal
